
Microsoft Visual Studio Solution File, Format Version 12.00
# Visual Studio Version 17
VisualStudioVersion = 17.11.35303.130
MinimumVisualStudioVersion = 10.0.40219.1
Project("{FAE04EC0-301F-11D3-BF4B-00C04F79EFBC}") = "GUI_Calculator", "GUI_Calculator\GUI_Calculator.csproj", "{9FF2BD35-A5B1-4A95-A71F-BE89823EC4E9}"
EndProject
Project("{FAE04EC0-301F-11D3-BF4B-00C04F79EFBC}") = "GUI_Translator", "GUI_Translator\GUI_Translator.csproj", "{D240B6B6-E14B-479E-B6F7-17D26C5D1DA4}"
EndProject
Global
	GlobalSection(SolutionConfigurationPlatforms) = preSolution
		Debug|Any CPU = Debug|Any CPU
		Release|Any CPU = Release|Any CPU
	EndGlobalSection
	GlobalSection(ProjectConfigurationPlatforms) = postSolution
		{9FF2BD35-A5B1-4A95-A71F-BE89823EC4E9}.Debug|Any CPU.ActiveCfg = Debug|Any CPU
		{9FF2BD35-A5B1-4A95-A71F-BE89823EC4E9}.Debug|Any CPU.Build.0 = Debug|Any CPU
		{9FF2BD35-A5B1-4A95-A71F-BE89823EC4E9}.Release|Any CPU.ActiveCfg = Release|Any CPU
		{9FF2BD35-A5B1-4A95-A71F-BE89823EC4E9}.Release|Any CPU.Build.0 = Release|Any CPU
		{D240B6B6-E14B-479E-B6F7-17D26C5D1DA4}.Debug|Any CPU.ActiveCfg = Debug|Any CPU
		{D240B6B6-E14B-479E-B6F7-17D26C5D1DA4}.Debug|Any CPU.Build.0 = Debug|Any CPU
		{D240B6B6-E14B-479E-B6F7-17D26C5D1DA4}.Release|Any CPU.ActiveCfg = Release|Any CPU
		{D240B6B6-E14B-479E-B6F7-17D26C5D1DA4}.Release|Any CPU.Build.0 = Release|Any CPU
	EndGlobalSection
	GlobalSection(SolutionProperties) = preSolution
		HideSolutionNode = FALSE
	EndGlobalSection
	GlobalSection(ExtensibilityGlobals) = postSolution
		SolutionGuid = {A520BD0C-B7AA-4983-8957-E214FEEBEF8A}
	EndGlobalSection
EndGlobal
